// !$*UTF8*$!
{
	archiveVersion = 1;
	classes = {
	};
	objectVersion = 56;
	objects = {

/* Begin PBXBuildFile section */
		0CDCD4B5293A355600EFB94A /* AppDelegate.swift in Sources */ = {isa = PBXBuildFile; fileRef = 0CDCD4B4293A355600EFB94A /* AppDelegate.swift */; };
		0CDCD4B7293A355600EFB94A /* SceneDelegate.swift in Sources */ = {isa = PBXBuildFile; fileRef = 0CDCD4B6293A355600EFB94A /* SceneDelegate.swift */; };
		0CDCD4B9293A355600EFB94A /* ViewController.swift in Sources */ = {isa = PBXBuildFile; fileRef = 0CDCD4B8293A355600EFB94A /* ViewController.swift */; };
		0CDCD4BC293A355600EFB94A /* Main.storyboard in Resources */ = {isa = PBXBuildFile; fileRef = 0CDCD4BA293A355600EFB94A /* Main.storyboard */; };
		0CDCD4BE293A355800EFB94A /* Assets.xcassets in Resources */ = {isa = PBXBuildFile; fileRef = 0CDCD4BD293A355800EFB94A /* Assets.xcassets */; };
		0CDCD4C1293A355800EFB94A /* LaunchScreen.storyboard in Resources */ = {isa = PBXBuildFile; fileRef = 0CDCD4BF293A355800EFB94A /* LaunchScreen.storyboard */; };
		0CDCD4CB293A381700EFB94A /* CustomTableViewCell.swift in Sources */ = {isa = PBXBuildFile; fileRef = 0CDCD4C9293A381700EFB94A /* CustomTableViewCell.swift */; };
		0CDCD4CC293A381700EFB94A /* CustomTableViewCell.xib in Resources */ = {isa = PBXBuildFile; fileRef = 0CDCD4CA293A381700EFB94A /* CustomTableViewCell.xib */; };
		0CDCD4D0293A3AFC00EFB94A /* CarCollectionView.swift in Sources */ = {isa = PBXBuildFile; fileRef = 0CDCD4CE293A3AFC00EFB94A /* CarCollectionView.swift */; };
		0CDCD4D1293A3AFC00EFB94A /* CarCollectionView.xib in Resources */ = {isa = PBXBuildFile; fileRef = 0CDCD4CF293A3AFC00EFB94A /* CarCollectionView.xib */; };
/* End PBXBuildFile section */

/* Begin PBXFileReference section */
		0CDCD4B1293A355600EFB94A /* DesafioTable&CollectionView.app */ = {isa = PBXFileReference; explicitFileType = wrapper.application; includeInIndex = 0; path = "DesafioTable&CollectionView.app"; sourceTree = BUILT_PRODUCTS_DIR; };
		0CDCD4B4293A355600EFB94A /* AppDelegate.swift */ = {isa = PBXFileReference; lastKnownFileType = sourcecode.swift; path = AppDelegate.swift; sourceTree = "<group>"; };
		0CDCD4B6293A355600EFB94A /* SceneDelegate.swift */ = {isa = PBXFileReference; lastKnownFileType = sourcecode.swift; path = SceneDelegate.swift; sourceTree = "<group>"; };
		0CDCD4B8293A355600EFB94A /* ViewController.swift */ = {isa = PBXFileReference; lastKnownFileType = sourcecode.swift; path = ViewController.swift; sourceTree = "<group>"; };
		0CDCD4BB293A355600EFB94A /* Base */ = {isa = PBXFileReference; lastKnownFileType = file.storyboard; name = Base; path = Base.lproj/Main.storyboard; sourceTree = "<group>"; };
		0CDCD4BD293A355800EFB94A /* Assets.xcassets */ = {isa = PBXFileReference; lastKnownFileType = folder.assetcatalog; path = Assets.xcassets; sourceTree = "<group>"; };
		0CDCD4C0293A355800EFB94A /* Base */ = {isa = PBXFileReference; lastKnownFileType = file.storyboard; name = Base; path = Base.lproj/LaunchScreen.storyboard; sourceTree = "<group>"; };
		0CDCD4C2293A355800EFB94A /* Info.plist */ = {isa = PBXFileReference; lastKnownFileType = text.plist.xml; path = Info.plist; sourceTree = "<group>"; };
		0CDCD4C9293A381700EFB94A /* CustomTableViewCell.swift */ = {isa = PBXFileReference; lastKnownFileType = sourcecode.swift; path = CustomTableViewCell.swift; sourceTree = "<group>"; };
		0CDCD4CA293A381700EFB94A /* CustomTableViewCell.xib */ = {isa = PBXFileReference; lastKnownFileType = file.xib; path = CustomTableViewCell.xib; sourceTree = "<group>"; };
		0CDCD4CE293A3AFC00EFB94A /* CarCollectionView.swift */ = {isa = PBXFileReference; lastKnownFileType = sourcecode.swift; path = CarCollectionView.swift; sourceTree = "<group>"; };
		0CDCD4CF293A3AFC00EFB94A /* CarCollectionView.xib */ = {isa = PBXFileReference; lastKnownFileType = file.xib; path = CarCollectionView.xib; sourceTree = "<group>"; };
/* End PBXFileReference section */

/* Begin PBXFrameworksBuildPhase section */
		0CDCD4AE293A355600EFB94A /* Frameworks */ = {
			isa = PBXFrameworksBuildPhase;
			buildActionMask = 2147483647;
			files = (
			);
			runOnlyForDeploymentPostprocessing = 0;
		};
/* End PBXFrameworksBuildPhase section */

/* Begin PBXGroup section */
		0CDCD4A8293A355600EFB94A = {
			isa = PBXGroup;
			children = (
				0CDCD4B3293A355600EFB94A /* DesafioTable&CollectionView */,
				0CDCD4B2293A355600EFB94A /* Products */,
			);
			sourceTree = "<group>";
		};
		0CDCD4B2293A355600EFB94A /* Products */ = {
			isa = PBXGroup;
			children = (
				0CDCD4B1293A355600EFB94A /* DesafioTable&CollectionView.app */,
			);
			name = Products;
			sourceTree = "<group>";
		};
		0CDCD4B3293A355600EFB94A /* DesafioTable&CollectionView */ = {
			isa = PBXGroup;
			children = (
				0CDCD4CD293A3ADE00EFB94A /* carCollectionView */,
				0CDCD4C8293A37FA00EFB94A /* TableViewCell */,
				0CDCD4B4293A355600EFB94A /* AppDelegate.swift */,
				0CDCD4B6293A355600EFB94A /* SceneDelegate.swift */,
				0CDCD4B8293A355600EFB94A /* ViewController.swift */,
				0CDCD4BA293A355600EFB94A /* Main.storyboard */,
				0CDCD4BD293A355800EFB94A /* Assets.xcassets */,
				0CDCD4BF293A355800EFB94A /* LaunchScreen.storyboard */,
				0CDCD4C2293A355800EFB94A /* Info.plist */,
			);
			path = "DesafioTable&CollectionView";
			sourceTree = "<group>";
		};
		0CDCD4C8293A37FA00EFB94A /* TableViewCell */ = {
			isa = PBXGroup;
			children = (
				0CDCD4C9293A381700EFB94A /* CustomTableViewCell.swift */,
				0CDCD4CA293A381700EFB94A /* CustomTableViewCell.xib */,
			);
			path = TableViewCell;
			sourceTree = "<group>";
		};
		0CDCD4CD293A3ADE00EFB94A /* carCollectionView */ = {
			isa = PBXGroup;
			children = (
				0CDCD4CE293A3AFC00EFB94A /* CarCollectionView.swift */,
				0CDCD4CF293A3AFC00EFB94A /* CarCollectionView.xib */,
			);
			path = carCollectionView;
			sourceTree = "<group>";
		};
/* End PBXGroup section */

/* Begin PBXNativeTarget section */
		0CDCD4B0293A355600EFB94A /* DesafioTable&CollectionView */ = {
			isa = PBXNativeTarget;
			buildConfigurationList = 0CDCD4C5293A355800EFB94A /* Build configuration list for PBXNativeTarget "DesafioTable&CollectionView" */;
			buildPhases = (
				0CDCD4AD293A355600EFB94A /* Sources */,
				0CDCD4AE293A355600EFB94A /* Frameworks */,
				0CDCD4AF293A355600EFB94A /* Resources */,
			);
			buildRules = (
			);
			dependencies = (
			);
			name = "DesafioTable&CollectionView";
			productName = "DesafioTable&CollectionView";
			productReference = 0CDCD4B1293A355600EFB94A /* DesafioTable&CollectionView.app */;
			productType = "com.apple.product-type.application";
		};
/* End PBXNativeTarget section */

/* Begin PBXProject section */
		0CDCD4A9293A355600EFB94A /* Project object */ = {
			isa = PBXProject;
			attributes = {
				BuildIndependentTargetsInParallel = 1;
				LastSwiftUpdateCheck = 1410;
				LastUpgradeCheck = 1410;
				TargetAttributes = {
					0CDCD4B0293A355600EFB94A = {
						CreatedOnToolsVersion = 14.1;
					};
				};
			};
			buildConfigurationList = 0CDCD4AC293A355600EFB94A /* Build configuration list for PBXProject "DesafioTable&CollectionView" */;
			compatibilityVersion = "Xcode 14.0";
			developmentRegion = en;
			hasScannedForEncodings = 0;
			knownRegions = (
				en,
				Base,
			);
			mainGroup = 0CDCD4A8293A355600EFB94A;
			productRefGroup = 0CDCD4B2293A355600EFB94A /* Products */;
			projectDirPath = "";
			projectRoot = "";
			targets = (
				0CDCD4B0293A355600EFB94A /* DesafioTable&CollectionView */,
			);
		};
/* End PBXProject section */

/* Begin PBXResourcesBuildPhase section */
		0CDCD4AF293A355600EFB94A /* Resources */ = {
			isa = PBXResourcesBuildPhase;
			buildActionMask = 2147483647;
			files = (
				0CDCD4D1293A3AFC00EFB94A /* CarCollectionView.xib in Resources */,
				0CDCD4C1293A355800EFB94A /* LaunchScreen.storyboard in Resources */,
				0CDCD4BE293A355800EFB94A /* Assets.xcassets in Resources */,
				0CDCD4CC293A381700EFB94A /* CustomTableViewCell.xib in Resources */,
				0CDCD4BC293A355600EFB94A /* Main.storyboard in Resources */,
			);
			runOnlyForDeploymentPostprocessing = 0;
		};
/* End PBXResourcesBuildPhase section */

/* Begin PBXSourcesBuildPhase section */
		0CDCD4AD293A355600EFB94A /* Sources */ = {
			isa = PBXSourcesBuildPhase;
			buildActionMask = 2147483647;
			files = (
				0CDCD4D0293A3AFC00EFB94A /* CarCollectionView.swift in Sources */,
				0CDCD4B9293A355600EFB94A /* ViewController.swift in Sources */,
				0CDCD4B5293A355600EFB94A /* AppDelegate.swift in Sources */,
				0CDCD4CB293A381700EFB94A /* CustomTableViewCell.swift in Sources */,
				0CDCD4B7293A355600EFB94A /* SceneDelegate.swift in Sources */,
			);
			runOnlyForDeploymentPostprocessing = 0;
		};
/* End PBXSourcesBuildPhase section */

/* Begin PBXVariantGroup section */
		0CDCD4BA293A355600EFB94A /* Main.storyboard */ = {
			isa = PBXVariantGroup;
			children = (
				0CDCD4BB293A355600EFB94A /* Base */,
			);
			name = Main.storyboard;
			sourceTree = "<group>";
		};
		0CDCD4BF293A355800EFB94A /* LaunchScreen.storyboard */ = {
			isa = PBXVariantGroup;
			children = (
				0CDCD4C0293A355800EFB94A /* Base */,
			);
			name = LaunchScreen.storyboard;
			sourceTree = "<group>";
		};
/* End PBXVariantGroup section */

/* Begin XCBuildConfiguration section */
		0CDCD4C3293A355800EFB94A /* Debug */ = {
			isa = XCBuildConfiguration;
			buildSettings = {
				ALWAYS_SEARCH_USER_PATHS = NO;
				CLANG_ANALYZER_NONNULL = YES;
				CLANG_ANALYZER_NUMBER_OBJECT_CONVERSION = YES_AGGRESSIVE;
				CLANG_CXX_LANGUAGE_STANDARD = "gnu++20";
				CLANG_ENABLE_MODULES = YES;
				CLANG_ENABLE_OBJC_ARC = YES;
				CLANG_ENABLE_OBJC_WEAK = YES;
				CLANG_WARN_BLOCK_CAPTURE_AUTORELEASING = YES;
				CLANG_WARN_BOOL_CONVERSION = YES;
				CLANG_WARN_COMMA = YES;
				CLANG_WARN_CONSTANT_CONVERSION = YES;
				CLANG_WARN_DEPRECATED_OBJC_IMPLEMENTATIONS = YES;
				CLANG_WARN_DIRECT_OBJC_ISA_USAGE = YES_ERROR;
				CLANG_WARN_DOCUMENTATION_COMMENTS = YES;
				CLANG_WARN_EMPTY_BODY = YES;
				CLANG_WARN_ENUM_CONVERSION = YES;
				CLANG_WARN_INFINITE_RECURSION = YES;
				CLANG_WARN_INT_CONVERSION = YES;
				CLANG_WARN_NON_LITERAL_NULL_CONVERSION = YES;
				CLANG_WARN_OBJC_IMPLICIT_RETAIN_SELF = YES;
				CLANG_WARN_OBJC_LITERAL_CONVERSION = YES;
				CLANG_WARN_OBJC_ROOT_CLASS = YES_ERROR;
				CLANG_WARN_QUOTED_INCLUDE_IN_FRAMEWORK_HEADER = YES;
				CLANG_WARN_RANGE_LOOP_ANALYSIS = YES;
				CLANG_WARN_STRICT_PROTOTYPES = YES;
				CLANG_WARN_SUSPICIOUS_MOVE = YES;
				CLANG_WARN_UNGUARDED_AVAILABILITY = YES_AGGRESSIVE;
				CLANG_WARN_UNREACHABLE_CODE = YES;
				CLANG_WARN__DUPLICATE_METHOD_MATCH = YES;
				COPY_PHASE_STRIP = NO;
				DEBUG_INFORMATION_FORMAT = dwarf;
				ENABLE_STRICT_OBJC_MSGSEND = YES;
				ENABLE_TESTABILITY = YES;
				GCC_C_LANGUAGE_STANDARD = gnu11;
				GCC_DYNAMIC_NO_PIC = NO;
				GCC_NO_COMMON_BLOCKS = YES;
				GCC_OPTIMIZATION_LEVEL = 0;
				GCC_PREPROCESSOR_DEFINITIONS = (
					"DEBUG=1",
					"$(inherited)",
				);
				GCC_WARN_64_TO_32_BIT_CONVERSION = YES;
				GCC_WARN_ABOUT_RETURN_TYPE = YES_ERROR;
				GCC_WARN_UNDECLARED_SELECTOR = YES;
				GCC_WARN_UNINITIALIZED_AUTOS = YES_AGGRESSIVE;
				GCC_WARN_UNUSED_FUNCTION = YES;
				GCC_WARN_UNUSED_VARIABLE = YES;
				IPHONEOS_DEPLOYMENT_TARGET = 16.1;
				MTL_ENABLE_DEBUG_INFO = INCLUDE_SOURCE;
				MTL_FAST_MATH = YES;
				ONLY_ACTIVE_ARCH = YES;
				SDKROOT = iphoneos;
				SWIFT_ACTIVE_COMPILATION_CONDITIONS = DEBUG;
				SWIFT_OPTIMIZATION_LEVEL = "-Onone";
			};
			name = Debug;
		};
		0CDCD4C4293A355800EFB94A /* Release */ = {
			isa = XCBuildConfiguration;
			buildSettings = {
				ALWAYS_SEARCH_USER_PATHS = NO;
				CLANG_ANALYZER_NONNULL = YES;
				CLANG_ANALYZER_NUMBER_OBJECT_CONVERSION = YES_AGGRESSIVE;
				CLANG_CXX_LANGUAGE_STANDARD = "gnu++20";
				CLANG_ENABLE_MODULES = YES;
				CLANG_ENABLE_OBJC_ARC = YES;
				CLANG_ENABLE_OBJC_WEAK = YES;
				CLANG_WARN_BLOCK_CAPTURE_AUTORELEASING = YES;
				CLANG_WARN_BOOL_CONVERSION = YES;
				CLANG_WARN_COMMA = YES;
				CLANG_WARN_CONSTANT_CONVERSION = YES;
				CLANG_WARN_DEPRECATED_OBJC_IMPLEMENTATIONS = YES;
				CLANG_WARN_DIRECT_OBJC_ISA_USAGE = YES_ERROR;
				CLANG_WARN_DOCUMENTATION_COMMENTS = YES;
				CLANG_WARN_EMPTY_BODY = YES;
				CLANG_WARN_ENUM_CONVERSION = YES;
				CLANG_WARN_INFINITE_RECURSION = YES;
				CLANG_WARN_INT_CONVERSION = YES;
				CLANG_WARN_NON_LITERAL_NULL_CONVERSION = YES;
				CLANG_WARN_OBJC_IMPLICIT_RETAIN_SELF = YES;
				CLANG_WARN_OBJC_LITERAL_CONVERSION = YES;
				CLANG_WARN_OBJC_ROOT_CLASS = YES_ERROR;
				CLANG_WARN_QUOTED_INCLUDE_IN_FRAMEWORK_HEADER = YES;
				CLANG_WARN_RANGE_LOOP_ANALYSIS = YES;
				CLANG_WARN_STRICT_PROTOTYPES = YES;
				CLANG_WARN_SUSPICIOUS_MOVE = YES;
				CLANG_WARN_UNGUARDED_AVAILABILITY = YES_AGGRESSIVE;
				CLANG_WARN_UNREACHABLE_CODE = YES;
				CLANG_WARN__DUPLICATE_METHOD_MATCH = YES;
				COPY_PHASE_STRIP = NO;
				DEBUG_INFORMATION_FORMAT = "dwarf-with-dsym";
				ENABLE_NS_ASSERTIONS = NO;
				ENABLE_STRICT_OBJC_MSGSEND = YES;
				GCC_C_LANGUAGE_STANDARD = gnu11;
				GCC_NO_COMMON_BLOCKS = YES;
				GCC_WARN_64_TO_32_BIT_CONVERSION = YES;
				GCC_WARN_ABOUT_RETURN_TYPE = YES_ERROR;
				GCC_WARN_UNDECLARED_SELECTOR = YES;
				GCC_WARN_UNINITIALIZED_AUTOS = YES_AGGRESSIVE;
				GCC_WARN_UNUSED_FUNCTION = YES;
				GCC_WARN_UNUSED_VARIABLE = YES;
				IPHONEOS_DEPLOYMENT_TARGET = 16.1;
				MTL_ENABLE_DEBUG_INFO = NO;
				MTL_FAST_MATH = YES;
				SDKROOT = iphoneos;
				SWIFT_COMPILATION_MODE = wholemodule;
				SWIFT_OPTIMIZATION_LEVEL = "-O";
				VALIDATE_PRODUCT = YES;
			};
			name = Release;
		};
		0CDCD4C6293A355800EFB94A /* Debug */ = {
			isa = XCBuildConfiguration;
			buildSettings = {
				ASSETCATALOG_COMPILER_APPICON_NAME = AppIcon;
				ASSETCATALOG_COMPILER_GLOBAL_ACCENT_COLOR_NAME = AccentColor;
				CODE_SIGN_STYLE = Automatic;
				CURRENT_PROJECT_VERSION = 1;
				GENERATE_INFOPLIST_FILE = YES;
				INFOPLIST_FILE = "DesafioTable&CollectionView/Info.plist";
				INFOPLIST_KEY_UIApplicationSupportsIndirectInputEvents = YES;
				INFOPLIST_KEY_UILaunchStoryboardName = LaunchScreen;
				INFOPLIST_KEY_UIMainStoryboardFile = Main;
				INFOPLIST_KEY_UISupportedInterfaceOrientations_iPad = "UIInterfaceOrientationPortrait UIInterfaceOrientationPortraitUpsideDown UIInterfaceOrientationLandscapeLeft UIInterfaceOrientationLandscapeRight";
				INFOPLIST_KEY_UISupportedInterfaceOrientations_iPhone = "UIInterfaceOrientationPortrait UIInterfaceOrientationLandscapeLeft UIInterfaceOrientationLandscapeRight";
				LD_RUNPATH_SEARCH_PATHS = (
					"$(inherited)",
					"@executable_path/Frameworks",
				);
				MARKETING_VERSION = 1.0;
				PRODUCT_BUNDLE_IDENTIFIER = "com.fre.DesafioTable-CollectionView";
				PRODUCT_NAME = "$(TARGET_NAME)";
				SWIFT_EMIT_LOC_STRINGS = YES;
				SWIFT_VERSION = 5.0;
				TARGETED_DEVICE_FAMILY = "1,2";
			};
			name = Debug;
		};
		0CDCD4C7293A355800EFB94A /* Release */ = {
			isa = XCBuildConfiguration;
			buildSettings = {
				ASSETCATALOG_COMPILER_APPICON_NAME = AppIcon;
				ASSETCATALOG_COMPILER_GLOBAL_ACCENT_COLOR_NAME = AccentColor;
				CODE_SIGN_STYLE = Automatic;
				CURRENT_PROJECT_VERSION = 1;
				GENERATE_INFOPLIST_FILE = YES;
				INFOPLIST_FILE = "DesafioTable&CollectionView/Info.plist";
				INFOPLIST_KEY_UIApplicationSupportsIndirectInputEvents = YES;
				INFOPLIST_KEY_UILaunchStoryboardName = LaunchScreen;
				INFOPLIST_KEY_UIMainStoryboardFile = Main;
				INFOPLIST_KEY_UISupportedInterfaceOrientations_iPad = "UIInterfaceOrientationPortrait UIInterfaceOrientationPortraitUpsideDown UIInterfaceOrientationLandscapeLeft UIInterfaceOrientationLandscapeRight";
				INFOPLIST_KEY_UISupportedInterfaceOrientations_iPhone = "UIInterfaceOrientationPortrait UIInterfaceOrientationLandscapeLeft UIInterfaceOrientationLandscapeRight";
				LD_RUNPATH_SEARCH_PATHS = (
					"$(inherited)",
					"@executable_path/Frameworks",
				);
				MARKETING_VERSION = 1.0;
				PRODUCT_BUNDLE_IDENTIFIER = "com.fre.DesafioTable-CollectionView";
				PRODUCT_NAME = "$(TARGET_NAME)";
				SWIFT_EMIT_LOC_STRINGS = YES;
				SWIFT_VERSION = 5.0;
				TARGETED_DEVICE_FAMILY = "1,2";
			};
			name = Release;
		};
/* End XCBuildConfiguration section */

/* Begin XCConfigurationList section */
		0CDCD4AC293A355600EFB94A /* Build configuration list for PBXProject "DesafioTable&CollectionView" */ = {
			isa = XCConfigurationList;
			buildConfigurations = (
				0CDCD4C3293A355800EFB94A /* Debug */,
				0CDCD4C4293A355800EFB94A /* Release */,
			);
			defaultConfigurationIsVisible = 0;
			defaultConfigurationName = Release;
		};
		0CDCD4C5293A355800EFB94A /* Build configuration list for PBXNativeTarget "DesafioTable&CollectionView" */ = {
			isa = XCConfigurationList;
			buildConfigurations = (
				0CDCD4C6293A355800EFB94A /* Debug */,
				0CDCD4C7293A355800EFB94A /* Release */,
			);
			defaultConfigurationIsVisible = 0;
			defaultConfigurationName = Release;
		};
/* End XCConfigurationList section */
	};
	rootObject = 0CDCD4A9293A355600EFB94A /* Project object */;
}
